
Microsoft Visual Studio Solution File, Format Version 12.00
# Visual Studio 15
VisualStudioVersion = 15.0.28010.2046
MinimumVisualStudioVersion = 10.0.40219.1
Project("{FAE04EC0-301F-11D3-BF4B-00C04F79EFBC}") = "Prototype", "Prototype\Prototype.csproj", "{5AFCE3EF-B37A-4179-B885-72F3BD40929D}"
EndProject
Project("{FAE04EC0-301F-11D3-BF4B-00C04F79EFBC}") = "PrototypeConsole", "PrototypeConsole\PrototypeConsole.csproj", "{589E8425-2261-47DC-9FEB-475235A13457}"
EndProject
Project("{FAE04EC0-301F-11D3-BF4B-00C04F79EFBC}") = "PrototypeAbstract", "PrototypeAbstract\PrototypeAbstract.csproj", "{3FA367B1-D9CF-425A-A80E-3BE5CCEE7D2B}"
EndProject
Global
	GlobalSection(SolutionConfigurationPlatforms) = preSolution
		Debug|Any CPU = Debug|Any CPU
		Release|Any CPU = Release|Any CPU
	EndGlobalSection
	GlobalSection(ProjectConfigurationPlatforms) = postSolution
		{5AFCE3EF-B37A-4179-B885-72F3BD40929D}.Debug|Any CPU.ActiveCfg = Debug|Any CPU
		{5AFCE3EF-B37A-4179-B885-72F3BD40929D}.Debug|Any CPU.Build.0 = Debug|Any CPU
		{5AFCE3EF-B37A-4179-B885-72F3BD40929D}.Release|Any CPU.ActiveCfg = Release|Any CPU
		{5AFCE3EF-B37A-4179-B885-72F3BD40929D}.Release|Any CPU.Build.0 = Release|Any CPU
		{589E8425-2261-47DC-9FEB-475235A13457}.Debug|Any CPU.ActiveCfg = Debug|Any CPU
		{589E8425-2261-47DC-9FEB-475235A13457}.Debug|Any CPU.Build.0 = Debug|Any CPU
		{589E8425-2261-47DC-9FEB-475235A13457}.Release|Any CPU.ActiveCfg = Release|Any CPU
		{589E8425-2261-47DC-9FEB-475235A13457}.Release|Any CPU.Build.0 = Release|Any CPU
		{3FA367B1-D9CF-425A-A80E-3BE5CCEE7D2B}.Debug|Any CPU.ActiveCfg = Debug|Any CPU
		{3FA367B1-D9CF-425A-A80E-3BE5CCEE7D2B}.Debug|Any CPU.Build.0 = Debug|Any CPU
		{3FA367B1-D9CF-425A-A80E-3BE5CCEE7D2B}.Release|Any CPU.ActiveCfg = Release|Any CPU
		{3FA367B1-D9CF-425A-A80E-3BE5CCEE7D2B}.Release|Any CPU.Build.0 = Release|Any CPU
	EndGlobalSection
	GlobalSection(SolutionProperties) = preSolution
		HideSolutionNode = FALSE
	EndGlobalSection
	GlobalSection(ExtensibilityGlobals) = postSolution
		SolutionGuid = {FC472FCA-43D5-4DE4-829C-3F0E86E8429F}
	EndGlobalSection
EndGlobal
